// !$*UTF8*$!
{
	archiveVersion = 1;
	classes = {
	};
	objectVersion = 55;
	objects = {

/* Begin PBXBuildFile section */
		37202F972798C101001526ED /* IDAsyncImageView.swift in Sources */ = {isa = PBXBuildFile; fileRef = 37202F962798C101001526ED /* IDAsyncImageView.swift */; };
		37202F992798C31C001526ED /* String+Extension.swift in Sources */ = {isa = PBXBuildFile; fileRef = 37202F982798C31C001526ED /* String+Extension.swift */; };
		37202F9B2798D093001526ED /* Date+Extension.swift in Sources */ = {isa = PBXBuildFile; fileRef = 37202F9A2798D093001526ED /* Date+Extension.swift */; };
		37D501532797182600576897 /* idmeTHEApp.swift in Sources */ = {isa = PBXBuildFile; fileRef = 37D501522797182600576897 /* idmeTHEApp.swift */; };
		37D501552797182600576897 /* ProfileView.swift in Sources */ = {isa = PBXBuildFile; fileRef = 37D501542797182600576897 /* ProfileView.swift */; };
		37D501572797182A00576897 /* Assets.xcassets in Resources */ = {isa = PBXBuildFile; fileRef = 37D501562797182A00576897 /* Assets.xcassets */; };
		37D5015A2797182A00576897 /* Preview Assets.xcassets in Resources */ = {isa = PBXBuildFile; fileRef = 37D501592797182A00576897 /* Preview Assets.xcassets */; };
		37D501642797182A00576897 /* idmeTHETests.swift in Sources */ = {isa = PBXBuildFile; fileRef = 37D501632797182A00576897 /* idmeTHETests.swift */; };
		37D5016E2797182A00576897 /* idmeTHEUITests.swift in Sources */ = {isa = PBXBuildFile; fileRef = 37D5016D2797182A00576897 /* idmeTHEUITests.swift */; };
		37D501702797182A00576897 /* idmeTHEUITestsLaunchTests.swift in Sources */ = {isa = PBXBuildFile; fileRef = 37D5016F2797182A00576897 /* idmeTHEUITestsLaunchTests.swift */; };
		37D5017D279719FC00576897 /* Localizable.strings in Resources */ = {isa = PBXBuildFile; fileRef = 37D5017C279719FC00576897 /* Localizable.strings */; };
		37D5017E279719FC00576897 /* Localizable.strings in Resources */ = {isa = PBXBuildFile; fileRef = 37D5017C279719FC00576897 /* Localizable.strings */; };
		37D5017F279719FC00576897 /* Localizable.strings in Resources */ = {isa = PBXBuildFile; fileRef = 37D5017C279719FC00576897 /* Localizable.strings */; };
		37D5018A279726AD00576897 /* Session.swift in Sources */ = {isa = PBXBuildFile; fileRef = 37D50189279726AD00576897 /* Session.swift */; };
		37D5018B279726AD00576897 /* Session.swift in Sources */ = {isa = PBXBuildFile; fileRef = 37D50189279726AD00576897 /* Session.swift */; };
		37D5018C279726AD00576897 /* Session.swift in Sources */ = {isa = PBXBuildFile; fileRef = 37D50189279726AD00576897 /* Session.swift */; };
		37D5018F27976ED000576897 /* ProfileModel.swift in Sources */ = {isa = PBXBuildFile; fileRef = 37D5018E27976ED000576897 /* ProfileModel.swift */; };
		37D5019127976FD500576897 /* ProfileViewModel.swift in Sources */ = {isa = PBXBuildFile; fileRef = 37D5019027976FD500576897 /* ProfileViewModel.swift */; };
		37D501942797748900576897 /* PurchaseHistoryModel.swift in Sources */ = {isa = PBXBuildFile; fileRef = 37D501932797748800576897 /* PurchaseHistoryModel.swift */; };
		37D50197279774CF00576897 /* PurchaseHistoryView.swift in Sources */ = {isa = PBXBuildFile; fileRef = 37D50196279774CF00576897 /* PurchaseHistoryView.swift */; };
		37D50199279774E100576897 /* PurchaseHistoryViewModel.swift in Sources */ = {isa = PBXBuildFile; fileRef = 37D50198279774E100576897 /* PurchaseHistoryViewModel.swift */; };
		37D5019C2797770F00576897 /* AsyncResponse.swift in Sources */ = {isa = PBXBuildFile; fileRef = 37D5019B2797770F00576897 /* AsyncResponse.swift */; };
		37D5019E27977A4800576897 /* Bundle+Extension.swift in Sources */ = {isa = PBXBuildFile; fileRef = 37D5019D27977A4800576897 /* Bundle+Extension.swift */; };
/* End PBXBuildFile section */

/* Begin PBXContainerItemProxy section */
		37D501602797182A00576897 /* PBXContainerItemProxy */ = {
			isa = PBXContainerItemProxy;
			containerPortal = 37D501472797182600576897 /* Project object */;
			proxyType = 1;
			remoteGlobalIDString = 37D5014E2797182600576897;
			remoteInfo = idmeTHE;
		};
		37D5016A2797182A00576897 /* PBXContainerItemProxy */ = {
			isa = PBXContainerItemProxy;
			containerPortal = 37D501472797182600576897 /* Project object */;
			proxyType = 1;
			remoteGlobalIDString = 37D5014E2797182600576897;
			remoteInfo = idmeTHE;
		};
/* End PBXContainerItemProxy section */

/* Begin PBXFileReference section */
		37202F962798C101001526ED /* IDAsyncImageView.swift */ = {isa = PBXFileReference; lastKnownFileType = sourcecode.swift; path = IDAsyncImageView.swift; sourceTree = "<group>"; };
		37202F982798C31C001526ED /* String+Extension.swift */ = {isa = PBXFileReference; lastKnownFileType = sourcecode.swift; path = "String+Extension.swift"; sourceTree = "<group>"; };
		37202F9A2798D093001526ED /* Date+Extension.swift */ = {isa = PBXFileReference; lastKnownFileType = sourcecode.swift; path = "Date+Extension.swift"; sourceTree = "<group>"; };
		37D5014F2797182600576897 /* idmeTHE.app */ = {isa = PBXFileReference; explicitFileType = wrapper.application; includeInIndex = 0; path = idmeTHE.app; sourceTree = BUILT_PRODUCTS_DIR; };
		37D501522797182600576897 /* idmeTHEApp.swift */ = {isa = PBXFileReference; lastKnownFileType = sourcecode.swift; path = idmeTHEApp.swift; sourceTree = "<group>"; };
		37D501542797182600576897 /* ProfileView.swift */ = {isa = PBXFileReference; lastKnownFileType = sourcecode.swift; path = ProfileView.swift; sourceTree = "<group>"; };
		37D501562797182A00576897 /* Assets.xcassets */ = {isa = PBXFileReference; lastKnownFileType = folder.assetcatalog; path = Assets.xcassets; sourceTree = "<group>"; };
		37D501592797182A00576897 /* Preview Assets.xcassets */ = {isa = PBXFileReference; lastKnownFileType = folder.assetcatalog; path = "Preview Assets.xcassets"; sourceTree = "<group>"; };
		37D5015F2797182A00576897 /* idmeTHETests.xctest */ = {isa = PBXFileReference; explicitFileType = wrapper.cfbundle; includeInIndex = 0; path = idmeTHETests.xctest; sourceTree = BUILT_PRODUCTS_DIR; };
		37D501632797182A00576897 /* idmeTHETests.swift */ = {isa = PBXFileReference; lastKnownFileType = sourcecode.swift; path = idmeTHETests.swift; sourceTree = "<group>"; };
		37D501692797182A00576897 /* idmeTHEUITests.xctest */ = {isa = PBXFileReference; explicitFileType = wrapper.cfbundle; includeInIndex = 0; path = idmeTHEUITests.xctest; sourceTree = BUILT_PRODUCTS_DIR; };
		37D5016D2797182A00576897 /* idmeTHEUITests.swift */ = {isa = PBXFileReference; lastKnownFileType = sourcecode.swift; path = idmeTHEUITests.swift; sourceTree = "<group>"; };
		37D5016F2797182A00576897 /* idmeTHEUITestsLaunchTests.swift */ = {isa = PBXFileReference; lastKnownFileType = sourcecode.swift; path = idmeTHEUITestsLaunchTests.swift; sourceTree = "<group>"; };
		37D5017C279719FC00576897 /* Localizable.strings */ = {isa = PBXFileReference; lastKnownFileType = text.plist.strings; path = Localizable.strings; sourceTree = "<group>"; };
		37D5018827971E4C00576897 /* Info.plist */ = {isa = PBXFileReference; lastKnownFileType = text.plist; path = Info.plist; sourceTree = "<group>"; };
		37D50189279726AD00576897 /* Session.swift */ = {isa = PBXFileReference; lastKnownFileType = sourcecode.swift; path = Session.swift; sourceTree = "<group>"; };
		37D5018E27976ED000576897 /* ProfileModel.swift */ = {isa = PBXFileReference; lastKnownFileType = sourcecode.swift; path = ProfileModel.swift; sourceTree = "<group>"; };
		37D5019027976FD500576897 /* ProfileViewModel.swift */ = {isa = PBXFileReference; lastKnownFileType = sourcecode.swift; path = ProfileViewModel.swift; sourceTree = "<group>"; };
		37D501932797748800576897 /* PurchaseHistoryModel.swift */ = {isa = PBXFileReference; lastKnownFileType = sourcecode.swift; path = PurchaseHistoryModel.swift; sourceTree = "<group>"; };
		37D50196279774CF00576897 /* PurchaseHistoryView.swift */ = {isa = PBXFileReference; lastKnownFileType = sourcecode.swift; path = PurchaseHistoryView.swift; sourceTree = "<group>"; };
		37D50198279774E100576897 /* PurchaseHistoryViewModel.swift */ = {isa = PBXFileReference; lastKnownFileType = sourcecode.swift; path = PurchaseHistoryViewModel.swift; sourceTree = "<group>"; };
		37D5019B2797770F00576897 /* AsyncResponse.swift */ = {isa = PBXFileReference; lastKnownFileType = sourcecode.swift; path = AsyncResponse.swift; sourceTree = "<group>"; };
		37D5019D27977A4800576897 /* Bundle+Extension.swift */ = {isa = PBXFileReference; lastKnownFileType = sourcecode.swift; path = "Bundle+Extension.swift"; sourceTree = "<group>"; };
/* End PBXFileReference section */

/* Begin PBXFrameworksBuildPhase section */
		37D5014C2797182600576897 /* Frameworks */ = {
			isa = PBXFrameworksBuildPhase;
			buildActionMask = 2147483647;
			files = (
			);
			runOnlyForDeploymentPostprocessing = 0;
		};
		37D5015C2797182A00576897 /* Frameworks */ = {
			isa = PBXFrameworksBuildPhase;
			buildActionMask = 2147483647;
			files = (
			);
			runOnlyForDeploymentPostprocessing = 0;
		};
		37D501662797182A00576897 /* Frameworks */ = {
			isa = PBXFrameworksBuildPhase;
			buildActionMask = 2147483647;
			files = (
			);
			runOnlyForDeploymentPostprocessing = 0;
		};
/* End PBXFrameworksBuildPhase section */

/* Begin PBXGroup section */
		37D501462797182600576897 = {
			isa = PBXGroup;
			children = (
				37D5017C279719FC00576897 /* Localizable.strings */,
				37D501512797182600576897 /* idmeTHE */,
				37D501622797182A00576897 /* idmeTHETests */,
				37D5016C2797182A00576897 /* idmeTHEUITests */,
				37D501502797182600576897 /* Products */,
			);
			sourceTree = "<group>";
		};
		37D501502797182600576897 /* Products */ = {
			isa = PBXGroup;
			children = (
				37D5014F2797182600576897 /* idmeTHE.app */,
				37D5015F2797182A00576897 /* idmeTHETests.xctest */,
				37D501692797182A00576897 /* idmeTHEUITests.xctest */,
			);
			name = Products;
			sourceTree = "<group>";
		};
		37D501512797182600576897 /* idmeTHE */ = {
			isa = PBXGroup;
			children = (
				37D5018827971E4C00576897 /* Info.plist */,
				37D501522797182600576897 /* idmeTHEApp.swift */,
				37D501922797736C00576897 /* ProfileView */,
				37D5019A279774EB00576897 /* PurchaseHistory */,
				37202F962798C101001526ED /* IDAsyncImageView.swift */,
				37D50195279774A000576897 /* Model */,
				37D5018D279726B700576897 /* Network */,
				37D5019D27977A4800576897 /* Bundle+Extension.swift */,
				37202F982798C31C001526ED /* String+Extension.swift */,
				37202F9A2798D093001526ED /* Date+Extension.swift */,
				37D501562797182A00576897 /* Assets.xcassets */,
				37D501582797182A00576897 /* Preview Content */,
			);
			path = idmeTHE;
			sourceTree = "<group>";
		};
		37D501582797182A00576897 /* Preview Content */ = {
			isa = PBXGroup;
			children = (
				37D501592797182A00576897 /* Preview Assets.xcassets */,
			);
			path = "Preview Content";
			sourceTree = "<group>";
		};
		37D501622797182A00576897 /* idmeTHETests */ = {
			isa = PBXGroup;
			children = (
				37D501632797182A00576897 /* idmeTHETests.swift */,
			);
			path = idmeTHETests;
			sourceTree = "<group>";
		};
		37D5016C2797182A00576897 /* idmeTHEUITests */ = {
			isa = PBXGroup;
			children = (
				37D5016D2797182A00576897 /* idmeTHEUITests.swift */,
				37D5016F2797182A00576897 /* idmeTHEUITestsLaunchTests.swift */,
			);
			path = idmeTHEUITests;
			sourceTree = "<group>";
		};
		37D5018D279726B700576897 /* Network */ = {
			isa = PBXGroup;
			children = (
				37D50189279726AD00576897 /* Session.swift */,
				37D5019B2797770F00576897 /* AsyncResponse.swift */,
			);
			path = Network;
			sourceTree = "<group>";
		};
		37D501922797736C00576897 /* ProfileView */ = {
			isa = PBXGroup;
			children = (
				37D501542797182600576897 /* ProfileView.swift */,
				37D5019027976FD500576897 /* ProfileViewModel.swift */,
			);
			path = ProfileView;
			sourceTree = "<group>";
		};
		37D50195279774A000576897 /* Model */ = {
			isa = PBXGroup;
			children = (
				37D5018E27976ED000576897 /* ProfileModel.swift */,
				37D501932797748800576897 /* PurchaseHistoryModel.swift */,
			);
			path = Model;
			sourceTree = "<group>";
		};
		37D5019A279774EB00576897 /* PurchaseHistory */ = {
			isa = PBXGroup;
			children = (
				37D50196279774CF00576897 /* PurchaseHistoryView.swift */,
				37D50198279774E100576897 /* PurchaseHistoryViewModel.swift */,
			);
			path = PurchaseHistory;
			sourceTree = "<group>";
		};
/* End PBXGroup section */

/* Begin PBXNativeTarget section */
		37D5014E2797182600576897 /* idmeTHE */ = {
			isa = PBXNativeTarget;
			buildConfigurationList = 37D501732797182A00576897 /* Build configuration list for PBXNativeTarget "idmeTHE" */;
			buildPhases = (
				37D5014B2797182600576897 /* Sources */,
				37D5014C2797182600576897 /* Frameworks */,
				37D5014D2797182600576897 /* Resources */,
			);
			buildRules = (
			);
			dependencies = (
			);
			name = idmeTHE;
			productName = idmeTHE;
			productReference = 37D5014F2797182600576897 /* idmeTHE.app */;
			productType = "com.apple.product-type.application";
		};
		37D5015E2797182A00576897 /* idmeTHETests */ = {
			isa = PBXNativeTarget;
			buildConfigurationList = 37D501762797182A00576897 /* Build configuration list for PBXNativeTarget "idmeTHETests" */;
			buildPhases = (
				37D5015B2797182A00576897 /* Sources */,
				37D5015C2797182A00576897 /* Frameworks */,
				37D5015D2797182A00576897 /* Resources */,
			);
			buildRules = (
			);
			dependencies = (
				37D501612797182A00576897 /* PBXTargetDependency */,
			);
			name = idmeTHETests;
			productName = idmeTHETests;
			productReference = 37D5015F2797182A00576897 /* idmeTHETests.xctest */;
			productType = "com.apple.product-type.bundle.unit-test";
		};
		37D501682797182A00576897 /* idmeTHEUITests */ = {
			isa = PBXNativeTarget;
			buildConfigurationList = 37D501792797182A00576897 /* Build configuration list for PBXNativeTarget "idmeTHEUITests" */;
			buildPhases = (
				37D501652797182A00576897 /* Sources */,
				37D501662797182A00576897 /* Frameworks */,
				37D501672797182A00576897 /* Resources */,
			);
			buildRules = (
			);
			dependencies = (
				37D5016B2797182A00576897 /* PBXTargetDependency */,
			);
			name = idmeTHEUITests;
			productName = idmeTHEUITests;
			productReference = 37D501692797182A00576897 /* idmeTHEUITests.xctest */;
			productType = "com.apple.product-type.bundle.ui-testing";
		};
/* End PBXNativeTarget section */

/* Begin PBXProject section */
		37D501472797182600576897 /* Project object */ = {
			isa = PBXProject;
			attributes = {
				BuildIndependentTargetsInParallel = 1;
				LastSwiftUpdateCheck = 1320;
				LastUpgradeCheck = 1320;
				TargetAttributes = {
					37D5014E2797182600576897 = {
						CreatedOnToolsVersion = 13.2.1;
					};
					37D5015E2797182A00576897 = {
						CreatedOnToolsVersion = 13.2.1;
						TestTargetID = 37D5014E2797182600576897;
					};
					37D501682797182A00576897 = {
						CreatedOnToolsVersion = 13.2.1;
						TestTargetID = 37D5014E2797182600576897;
					};
				};
			};
			buildConfigurationList = 37D5014A2797182600576897 /* Build configuration list for PBXProject "idmeTHE" */;
			compatibilityVersion = "Xcode 13.0";
			developmentRegion = en;
			hasScannedForEncodings = 0;
			knownRegions = (
				en,
				Base,
			);
			mainGroup = 37D501462797182600576897;
			productRefGroup = 37D501502797182600576897 /* Products */;
			projectDirPath = "";
			projectRoot = "";
			targets = (
				37D5014E2797182600576897 /* idmeTHE */,
				37D5015E2797182A00576897 /* idmeTHETests */,
				37D501682797182A00576897 /* idmeTHEUITests */,
			);
		};
/* End PBXProject section */

/* Begin PBXResourcesBuildPhase section */
		37D5014D2797182600576897 /* Resources */ = {
			isa = PBXResourcesBuildPhase;
			buildActionMask = 2147483647;
			files = (
				37D5015A2797182A00576897 /* Preview Assets.xcassets in Resources */,
				37D5017D279719FC00576897 /* Localizable.strings in Resources */,
				37D501572797182A00576897 /* Assets.xcassets in Resources */,
			);
			runOnlyForDeploymentPostprocessing = 0;
		};
		37D5015D2797182A00576897 /* Resources */ = {
			isa = PBXResourcesBuildPhase;
			buildActionMask = 2147483647;
			files = (
				37D5017E279719FC00576897 /* Localizable.strings in Resources */,
			);
			runOnlyForDeploymentPostprocessing = 0;
		};
		37D501672797182A00576897 /* Resources */ = {
			isa = PBXResourcesBuildPhase;
			buildActionMask = 2147483647;
			files = (
				37D5017F279719FC00576897 /* Localizable.strings in Resources */,
			);
			runOnlyForDeploymentPostprocessing = 0;
		};
/* End PBXResourcesBuildPhase section */

/* Begin PBXSourcesBuildPhase section */
		37D5014B2797182600576897 /* Sources */ = {
			isa = PBXSourcesBuildPhase;
			buildActionMask = 2147483647;
			files = (
				37D501552797182600576897 /* ProfileView.swift in Sources */,
				37D5019E27977A4800576897 /* Bundle+Extension.swift in Sources */,
				37202F9B2798D093001526ED /* Date+Extension.swift in Sources */,
				37D501942797748900576897 /* PurchaseHistoryModel.swift in Sources */,
				37D5019C2797770F00576897 /* AsyncResponse.swift in Sources */,
				37202F992798C31C001526ED /* String+Extension.swift in Sources */,
				37D50199279774E100576897 /* PurchaseHistoryViewModel.swift in Sources */,
				37D50197279774CF00576897 /* PurchaseHistoryView.swift in Sources */,
				37D501532797182600576897 /* idmeTHEApp.swift in Sources */,
				37202F972798C101001526ED /* IDAsyncImageView.swift in Sources */,
				37D5018F27976ED000576897 /* ProfileModel.swift in Sources */,
				37D5018A279726AD00576897 /* Session.swift in Sources */,
				37D5019127976FD500576897 /* ProfileViewModel.swift in Sources */,
			);
			runOnlyForDeploymentPostprocessing = 0;
		};
		37D5015B2797182A00576897 /* Sources */ = {
			isa = PBXSourcesBuildPhase;
			buildActionMask = 2147483647;
			files = (
				37D5018B279726AD00576897 /* Session.swift in Sources */,
				37D501642797182A00576897 /* idmeTHETests.swift in Sources */,
			);
			runOnlyForDeploymentPostprocessing = 0;
		};
		37D501652797182A00576897 /* Sources */ = {
			isa = PBXSourcesBuildPhase;
			buildActionMask = 2147483647;
			files = (
				37D5016E2797182A00576897 /* idmeTHEUITests.swift in Sources */,
				37D501702797182A00576897 /* idmeTHEUITestsLaunchTests.swift in Sources */,
				37D5018C279726AD00576897 /* Session.swift in Sources */,
			);
			runOnlyForDeploymentPostprocessing = 0;
		};
/* End PBXSourcesBuildPhase section */

/* Begin PBXTargetDependency section */
		37D501612797182A00576897 /* PBXTargetDependency */ = {
			isa = PBXTargetDependency;
			target = 37D5014E2797182600576897 /* idmeTHE */;
			targetProxy = 37D501602797182A00576897 /* PBXContainerItemProxy */;
		};
		37D5016B2797182A00576897 /* PBXTargetDependency */ = {
			isa = PBXTargetDependency;
			target = 37D5014E2797182600576897 /* idmeTHE */;
			targetProxy = 37D5016A2797182A00576897 /* PBXContainerItemProxy */;
		};
/* End PBXTargetDependency section */

/* Begin XCBuildConfiguration section */
		37D501712797182A00576897 /* Debug */ = {
			isa = XCBuildConfiguration;
			buildSettings = {
				ALWAYS_SEARCH_USER_PATHS = NO;
				CLANG_ANALYZER_NONNULL = YES;
				CLANG_ANALYZER_NUMBER_OBJECT_CONVERSION = YES_AGGRESSIVE;
				CLANG_CXX_LANGUAGE_STANDARD = "gnu++17";
				CLANG_CXX_LIBRARY = "libc++";
				CLANG_ENABLE_MODULES = YES;
				CLANG_ENABLE_OBJC_ARC = YES;
				CLANG_ENABLE_OBJC_WEAK = YES;
				CLANG_WARN_BLOCK_CAPTURE_AUTORELEASING = YES;
				CLANG_WARN_BOOL_CONVERSION = YES;
				CLANG_WARN_COMMA = YES;
				CLANG_WARN_CONSTANT_CONVERSION = YES;
				CLANG_WARN_DEPRECATED_OBJC_IMPLEMENTATIONS = YES;
				CLANG_WARN_DIRECT_OBJC_ISA_USAGE = YES_ERROR;
				CLANG_WARN_DOCUMENTATION_COMMENTS = YES;
				CLANG_WARN_EMPTY_BODY = YES;
				CLANG_WARN_ENUM_CONVERSION = YES;
				CLANG_WARN_INFINITE_RECURSION = YES;
				CLANG_WARN_INT_CONVERSION = YES;
				CLANG_WARN_NON_LITERAL_NULL_CONVERSION = YES;
				CLANG_WARN_OBJC_IMPLICIT_RETAIN_SELF = YES;
				CLANG_WARN_OBJC_LITERAL_CONVERSION = YES;
				CLANG_WARN_OBJC_ROOT_CLASS = YES_ERROR;
				CLANG_WARN_QUOTED_INCLUDE_IN_FRAMEWORK_HEADER = YES;
				CLANG_WARN_RANGE_LOOP_ANALYSIS = YES;
				CLANG_WARN_STRICT_PROTOTYPES = YES;
				CLANG_WARN_SUSPICIOUS_MOVE = YES;
				CLANG_WARN_UNGUARDED_AVAILABILITY = YES_AGGRESSIVE;
				CLANG_WARN_UNREACHABLE_CODE = YES;
				CLANG_WARN__DUPLICATE_METHOD_MATCH = YES;
				COPY_PHASE_STRIP = NO;
				DEBUG_INFORMATION_FORMAT = dwarf;
				ENABLE_STRICT_OBJC_MSGSEND = YES;
				ENABLE_TESTABILITY = YES;
				GCC_C_LANGUAGE_STANDARD = gnu11;
				GCC_DYNAMIC_NO_PIC = NO;
				GCC_NO_COMMON_BLOCKS = YES;
				GCC_OPTIMIZATION_LEVEL = 0;
				GCC_PREPROCESSOR_DEFINITIONS = (
					"DEBUG=1",
					"$(inherited)",
				);
				GCC_WARN_64_TO_32_BIT_CONVERSION = YES;
				GCC_WARN_ABOUT_RETURN_TYPE = YES_ERROR;
				GCC_WARN_UNDECLARED_SELECTOR = YES;
				GCC_WARN_UNINITIALIZED_AUTOS = YES_AGGRESSIVE;
				GCC_WARN_UNUSED_FUNCTION = YES;
				GCC_WARN_UNUSED_VARIABLE = YES;
				IPHONEOS_DEPLOYMENT_TARGET = 15.2;
				MTL_ENABLE_DEBUG_INFO = INCLUDE_SOURCE;
				MTL_FAST_MATH = YES;
				ONLY_ACTIVE_ARCH = YES;
				SDKROOT = iphoneos;
				SWIFT_ACTIVE_COMPILATION_CONDITIONS = DEBUG;
				SWIFT_OPTIMIZATION_LEVEL = "-Onone";
			};
			name = Debug;
		};
		37D501722797182A00576897 /* Release */ = {
			isa = XCBuildConfiguration;
			buildSettings = {
				ALWAYS_SEARCH_USER_PATHS = NO;
				CLANG_ANALYZER_NONNULL = YES;
				CLANG_ANALYZER_NUMBER_OBJECT_CONVERSION = YES_AGGRESSIVE;
				CLANG_CXX_LANGUAGE_STANDARD = "gnu++17";
				CLANG_CXX_LIBRARY = "libc++";
				CLANG_ENABLE_MODULES = YES;
				CLANG_ENABLE_OBJC_ARC = YES;
				CLANG_ENABLE_OBJC_WEAK = YES;
				CLANG_WARN_BLOCK_CAPTURE_AUTORELEASING = YES;
				CLANG_WARN_BOOL_CONVERSION = YES;
				CLANG_WARN_COMMA = YES;
				CLANG_WARN_CONSTANT_CONVERSION = YES;
				CLANG_WARN_DEPRECATED_OBJC_IMPLEMENTATIONS = YES;
				CLANG_WARN_DIRECT_OBJC_ISA_USAGE = YES_ERROR;
				CLANG_WARN_DOCUMENTATION_COMMENTS = YES;
				CLANG_WARN_EMPTY_BODY = YES;
				CLANG_WARN_ENUM_CONVERSION = YES;
				CLANG_WARN_INFINITE_RECURSION = YES;
				CLANG_WARN_INT_CONVERSION = YES;
				CLANG_WARN_NON_LITERAL_NULL_CONVERSION = YES;
				CLANG_WARN_OBJC_IMPLICIT_RETAIN_SELF = YES;
				CLANG_WARN_OBJC_LITERAL_CONVERSION = YES;
				CLANG_WARN_OBJC_ROOT_CLASS = YES_ERROR;
				CLANG_WARN_QUOTED_INCLUDE_IN_FRAMEWORK_HEADER = YES;
				CLANG_WARN_RANGE_LOOP_ANALYSIS = YES;
				CLANG_WARN_STRICT_PROTOTYPES = YES;
				CLANG_WARN_SUSPICIOUS_MOVE = YES;
				CLANG_WARN_UNGUARDED_AVAILABILITY = YES_AGGRESSIVE;
				CLANG_WARN_UNREACHABLE_CODE = YES;
				CLANG_WARN__DUPLICATE_METHOD_MATCH = YES;
				COPY_PHASE_STRIP = NO;
				DEBUG_INFORMATION_FORMAT = "dwarf-with-dsym";
				ENABLE_NS_ASSERTIONS = NO;
				ENABLE_STRICT_OBJC_MSGSEND = YES;
				GCC_C_LANGUAGE_STANDARD = gnu11;
				GCC_NO_COMMON_BLOCKS = YES;
				GCC_WARN_64_TO_32_BIT_CONVERSION = YES;
				GCC_WARN_ABOUT_RETURN_TYPE = YES_ERROR;
				GCC_WARN_UNDECLARED_SELECTOR = YES;
				GCC_WARN_UNINITIALIZED_AUTOS = YES_AGGRESSIVE;
				GCC_WARN_UNUSED_FUNCTION = YES;
				GCC_WARN_UNUSED_VARIABLE = YES;
				IPHONEOS_DEPLOYMENT_TARGET = 15.2;
				MTL_ENABLE_DEBUG_INFO = NO;
				MTL_FAST_MATH = YES;
				SDKROOT = iphoneos;
				SWIFT_COMPILATION_MODE = wholemodule;
				SWIFT_OPTIMIZATION_LEVEL = "-O";
				VALIDATE_PRODUCT = YES;
			};
			name = Release;
		};
		37D501742797182A00576897 /* Debug */ = {
			isa = XCBuildConfiguration;
			buildSettings = {
				ASSETCATALOG_COMPILER_APPICON_NAME = AppIcon;
				ASSETCATALOG_COMPILER_GLOBAL_ACCENT_COLOR_NAME = AccentColor;
				BASE_URL = "https://idme-takehome.proxy.beeceptor.com/";
				CODE_SIGN_STYLE = Automatic;
				CURRENT_PROJECT_VERSION = 1;
				DEVELOPMENT_ASSET_PATHS = "\"idmeTHE/Preview Content\"";
				ENABLE_PREVIEWS = YES;
				GENERATE_INFOPLIST_FILE = YES;
				INFOPLIST_FILE = idmeTHE/Info.plist;
				INFOPLIST_KEY_UIApplicationSceneManifest_Generation = YES;
				INFOPLIST_KEY_UIApplicationSupportsIndirectInputEvents = YES;
				INFOPLIST_KEY_UISupportedInterfaceOrientations = UIInterfaceOrientationPortrait;
				INFOPLIST_KEY_UISupportedInterfaceOrientations_iPad = "UIInterfaceOrientationPortrait UIInterfaceOrientationPortraitUpsideDown UIInterfaceOrientationLandscapeLeft UIInterfaceOrientationLandscapeRight";
				INFOPLIST_KEY_UISupportedInterfaceOrientations_iPhone = "UIInterfaceOrientationPortrait UIInterfaceOrientationLandscapeLeft UIInterfaceOrientationLandscapeRight";
				LD_RUNPATH_SEARCH_PATHS = (
					"$(inherited)",
					"@executable_path/Frameworks",
				);
				MARKETING_VERSION = 1.0;
				PRODUCT_BUNDLE_IDENTIFIER = com.none.idmeTHE;
				PRODUCT_NAME = "$(TARGET_NAME)";
				SWIFT_EMIT_LOC_STRINGS = YES;
				SWIFT_VERSION = 5.0;
				TARGETED_DEVICE_FAMILY = 1;
			};
			name = Debug;
		};
		37D501752797182A00576897 /* Release */ = {
			isa = XCBuildConfiguration;
			buildSettings = {
				ASSETCATALOG_COMPILER_APPICON_NAME = AppIcon;
				ASSETCATALOG_COMPILER_GLOBAL_ACCENT_COLOR_NAME = AccentColor;
				BASE_URL = "https://idme-takehome.proxy.beeceptor.com/";
				CODE_SIGN_STYLE = Automatic;
				CURRENT_PROJECT_VERSION = 1;
				DEVELOPMENT_ASSET_PATHS = "\"idmeTHE/Preview Content\"";
				ENABLE_PREVIEWS = YES;
				GENERATE_INFOPLIST_FILE = YES;
				INFOPLIST_FILE = idmeTHE/Info.plist;
				INFOPLIST_KEY_UIApplicationSceneManifest_Generation = YES;
				INFOPLIST_KEY_UIApplicationSupportsIndirectInputEvents = YES;
				INFOPLIST_KEY_UISupportedInterfaceOrientations = UIInterfaceOrientationPortrait;
				INFOPLIST_KEY_UISupportedInterfaceOrientations_iPad = "UIInterfaceOrientationPortrait UIInterfaceOrientationPortraitUpsideDown UIInterfaceOrientationLandscapeLeft UIInterfaceOrientationLandscapeRight";
				INFOPLIST_KEY_UISupportedInterfaceOrientations_iPhone = "UIInterfaceOrientationPortrait UIInterfaceOrientationLandscapeLeft UIInterfaceOrientationLandscapeRight";
				LD_RUNPATH_SEARCH_PATHS = (
					"$(inherited)",
					"@executable_path/Frameworks",
				);
				MARKETING_VERSION = 1.0;
				PRODUCT_BUNDLE_IDENTIFIER = com.none.idmeTHE;
				PRODUCT_NAME = "$(TARGET_NAME)";
				SWIFT_EMIT_LOC_STRINGS = YES;
				SWIFT_VERSION = 5.0;
				TARGETED_DEVICE_FAMILY = 1;
			};
			name = Release;
		};
		37D501772797182A00576897 /* Debug */ = {
			isa = XCBuildConfiguration;
			buildSettings = {
				ALWAYS_EMBED_SWIFT_STANDARD_LIBRARIES = YES;
				BUNDLE_LOADER = "$(TEST_HOST)";
				CODE_SIGN_STYLE = Automatic;
				CURRENT_PROJECT_VERSION = 1;
				GENERATE_INFOPLIST_FILE = YES;
				IPHONEOS_DEPLOYMENT_TARGET = 15.2;
				MARKETING_VERSION = 1.0;
				PRODUCT_BUNDLE_IDENTIFIER = com.none.idmeTHETests;
				PRODUCT_NAME = "$(TARGET_NAME)";
				SWIFT_EMIT_LOC_STRINGS = NO;
				SWIFT_VERSION = 5.0;
				TARGETED_DEVICE_FAMILY = "1,2";
				TEST_HOST = "$(BUILT_PRODUCTS_DIR)/idmeTHE.app/idmeTHE";
			};
			name = Debug;
		};
		37D501782797182A00576897 /* Release */ = {
			isa = XCBuildConfiguration;
			buildSettings = {
				ALWAYS_EMBED_SWIFT_STANDARD_LIBRARIES = YES;
				BUNDLE_LOADER = "$(TEST_HOST)";
				CODE_SIGN_STYLE = Automatic;
				CURRENT_PROJECT_VERSION = 1;
				GENERATE_INFOPLIST_FILE = YES;
				IPHONEOS_DEPLOYMENT_TARGET = 15.2;
				MARKETING_VERSION = 1.0;
				PRODUCT_BUNDLE_IDENTIFIER = com.none.idmeTHETests;
				PRODUCT_NAME = "$(TARGET_NAME)";
				SWIFT_EMIT_LOC_STRINGS = NO;
				SWIFT_VERSION = 5.0;
				TARGETED_DEVICE_FAMILY = "1,2";
				TEST_HOST = "$(BUILT_PRODUCTS_DIR)/idmeTHE.app/idmeTHE";
			};
			name = Release;
		};
		37D5017A2797182A00576897 /* Debug */ = {
			isa = XCBuildConfiguration;
			buildSettings = {
				ALWAYS_EMBED_SWIFT_STANDARD_LIBRARIES = YES;
				CODE_SIGN_STYLE = Automatic;
				CURRENT_PROJECT_VERSION = 1;
				GENERATE_INFOPLIST_FILE = YES;
				MARKETING_VERSION = 1.0;
				PRODUCT_BUNDLE_IDENTIFIER = com.none.idmeTHEUITests;
				PRODUCT_NAME = "$(TARGET_NAME)";
				SWIFT_EMIT_LOC_STRINGS = NO;
				SWIFT_VERSION = 5.0;
				TARGETED_DEVICE_FAMILY = "1,2";
				TEST_TARGET_NAME = idmeTHE;
			};
			name = Debug;
		};
		37D5017B2797182A00576897 /* Release */ = {
			isa = XCBuildConfiguration;
			buildSettings = {
				ALWAYS_EMBED_SWIFT_STANDARD_LIBRARIES = YES;
				CODE_SIGN_STYLE = Automatic;
				CURRENT_PROJECT_VERSION = 1;
				GENERATE_INFOPLIST_FILE = YES;
				MARKETING_VERSION = 1.0;
				PRODUCT_BUNDLE_IDENTIFIER = com.none.idmeTHEUITests;
				PRODUCT_NAME = "$(TARGET_NAME)";
				SWIFT_EMIT_LOC_STRINGS = NO;
				SWIFT_VERSION = 5.0;
				TARGETED_DEVICE_FAMILY = "1,2";
				TEST_TARGET_NAME = idmeTHE;
			};
			name = Release;
		};
		37D5018027971A8B00576897 /* Debug-qa */ = {
			isa = XCBuildConfiguration;
			buildSettings = {
				ALWAYS_SEARCH_USER_PATHS = NO;
				CLANG_ANALYZER_NONNULL = YES;
				CLANG_ANALYZER_NUMBER_OBJECT_CONVERSION = YES_AGGRESSIVE;
				CLANG_CXX_LANGUAGE_STANDARD = "gnu++17";
				CLANG_CXX_LIBRARY = "libc++";
				CLANG_ENABLE_MODULES = YES;
				CLANG_ENABLE_OBJC_ARC = YES;
				CLANG_ENABLE_OBJC_WEAK = YES;
				CLANG_WARN_BLOCK_CAPTURE_AUTORELEASING = YES;
				CLANG_WARN_BOOL_CONVERSION = YES;
				CLANG_WARN_COMMA = YES;
				CLANG_WARN_CONSTANT_CONVERSION = YES;
				CLANG_WARN_DEPRECATED_OBJC_IMPLEMENTATIONS = YES;
				CLANG_WARN_DIRECT_OBJC_ISA_USAGE = YES_ERROR;
				CLANG_WARN_DOCUMENTATION_COMMENTS = YES;
				CLANG_WARN_EMPTY_BODY = YES;
				CLANG_WARN_ENUM_CONVERSION = YES;
				CLANG_WARN_INFINITE_RECURSION = YES;
				CLANG_WARN_INT_CONVERSION = YES;
				CLANG_WARN_NON_LITERAL_NULL_CONVERSION = YES;
				CLANG_WARN_OBJC_IMPLICIT_RETAIN_SELF = YES;
				CLANG_WARN_OBJC_LITERAL_CONVERSION = YES;
				CLANG_WARN_OBJC_ROOT_CLASS = YES_ERROR;
				CLANG_WARN_QUOTED_INCLUDE_IN_FRAMEWORK_HEADER = YES;
				CLANG_WARN_RANGE_LOOP_ANALYSIS = YES;
				CLANG_WARN_STRICT_PROTOTYPES = YES;
				CLANG_WARN_SUSPICIOUS_MOVE = YES;
				CLANG_WARN_UNGUARDED_AVAILABILITY = YES_AGGRESSIVE;
				CLANG_WARN_UNREACHABLE_CODE = YES;
				CLANG_WARN__DUPLICATE_METHOD_MATCH = YES;
				COPY_PHASE_STRIP = NO;
				DEBUG_INFORMATION_FORMAT = dwarf;
				ENABLE_STRICT_OBJC_MSGSEND = YES;
				ENABLE_TESTABILITY = YES;
				GCC_C_LANGUAGE_STANDARD = gnu11;
				GCC_DYNAMIC_NO_PIC = NO;
				GCC_NO_COMMON_BLOCKS = YES;
				GCC_OPTIMIZATION_LEVEL = 0;
				GCC_PREPROCESSOR_DEFINITIONS = (
					"DEBUG=1",
					"$(inherited)",
				);
				GCC_WARN_64_TO_32_BIT_CONVERSION = YES;
				GCC_WARN_ABOUT_RETURN_TYPE = YES_ERROR;
				GCC_WARN_UNDECLARED_SELECTOR = YES;
				GCC_WARN_UNINITIALIZED_AUTOS = YES_AGGRESSIVE;
				GCC_WARN_UNUSED_FUNCTION = YES;
				GCC_WARN_UNUSED_VARIABLE = YES;
				IPHONEOS_DEPLOYMENT_TARGET = 15.2;
				MTL_ENABLE_DEBUG_INFO = INCLUDE_SOURCE;
				MTL_FAST_MATH = YES;
				ONLY_ACTIVE_ARCH = YES;
				SDKROOT = iphoneos;
				SWIFT_ACTIVE_COMPILATION_CONDITIONS = DEBUG;
				SWIFT_OPTIMIZATION_LEVEL = "-Onone";
			};
			name = "Debug-qa";
		};
		37D5018127971A8B00576897 /* Debug-qa */ = {
			isa = XCBuildConfiguration;
			buildSettings = {
				ASSETCATALOG_COMPILER_APPICON_NAME = "AppIcon-qa";
				ASSETCATALOG_COMPILER_GLOBAL_ACCENT_COLOR_NAME = AccentColor;
				BASE_URL = "https://idme-takehome.proxy.beeceptor.com/";
				CODE_SIGN_STYLE = Automatic;
				CURRENT_PROJECT_VERSION = 1;
				DEVELOPMENT_ASSET_PATHS = "\"idmeTHE/Preview Content\"";
				ENABLE_PREVIEWS = YES;
				GENERATE_INFOPLIST_FILE = YES;
				INFOPLIST_FILE = idmeTHE/Info.plist;
				INFOPLIST_KEY_UIApplicationSceneManifest_Generation = YES;
				INFOPLIST_KEY_UIApplicationSupportsIndirectInputEvents = YES;
				INFOPLIST_KEY_UISupportedInterfaceOrientations = UIInterfaceOrientationPortrait;
				INFOPLIST_KEY_UISupportedInterfaceOrientations_iPad = "UIInterfaceOrientationPortrait UIInterfaceOrientationPortraitUpsideDown UIInterfaceOrientationLandscapeLeft UIInterfaceOrientationLandscapeRight";
				INFOPLIST_KEY_UISupportedInterfaceOrientations_iPhone = "UIInterfaceOrientationPortrait UIInterfaceOrientationLandscapeLeft UIInterfaceOrientationLandscapeRight";
				LD_RUNPATH_SEARCH_PATHS = (
					"$(inherited)",
					"@executable_path/Frameworks",
				);
				MARKETING_VERSION = 1.0;
				PRODUCT_BUNDLE_IDENTIFIER = com.none.idmeTHE.qa;
				PRODUCT_NAME = "qa-$(TARGET_NAME)";
				SWIFT_EMIT_LOC_STRINGS = YES;
				SWIFT_VERSION = 5.0;
				TARGETED_DEVICE_FAMILY = 1;
			};
			name = "Debug-qa";
		};
		37D5018227971A8B00576897 /* Debug-qa */ = {
			isa = XCBuildConfiguration;
			buildSettings = {
				ALWAYS_EMBED_SWIFT_STANDARD_LIBRARIES = YES;
				BUNDLE_LOADER = "$(TEST_HOST)";
				CODE_SIGN_STYLE = Automatic;
				CURRENT_PROJECT_VERSION = 1;
				GENERATE_INFOPLIST_FILE = YES;
				IPHONEOS_DEPLOYMENT_TARGET = 15.2;
				MARKETING_VERSION = 1.0;
				PRODUCT_BUNDLE_IDENTIFIER = com.none.idmeTHETests;
				PRODUCT_NAME = "$(TARGET_NAME)";
				SWIFT_EMIT_LOC_STRINGS = NO;
				SWIFT_VERSION = 5.0;
				TARGETED_DEVICE_FAMILY = "1,2";
				TEST_HOST = "$(BUILT_PRODUCTS_DIR)/idmeTHE.app/idmeTHE";
			};
			name = "Debug-qa";
		};
		37D5018327971A8B00576897 /* Debug-qa */ = {
			isa = XCBuildConfiguration;
			buildSettings = {
				ALWAYS_EMBED_SWIFT_STANDARD_LIBRARIES = YES;
				CODE_SIGN_STYLE = Automatic;
				CURRENT_PROJECT_VERSION = 1;
				GENERATE_INFOPLIST_FILE = YES;
				MARKETING_VERSION = 1.0;
				PRODUCT_BUNDLE_IDENTIFIER = com.none.idmeTHEUITests;
				PRODUCT_NAME = "$(TARGET_NAME)";
				SWIFT_EMIT_LOC_STRINGS = NO;
				SWIFT_VERSION = 5.0;
				TARGETED_DEVICE_FAMILY = "1,2";
				TEST_TARGET_NAME = idmeTHE;
			};
			name = "Debug-qa";
		};
		37D5018427971A9B00576897 /* Release-qa */ = {
			isa = XCBuildConfiguration;
			buildSettings = {
				ALWAYS_SEARCH_USER_PATHS = NO;
				CLANG_ANALYZER_NONNULL = YES;
				CLANG_ANALYZER_NUMBER_OBJECT_CONVERSION = YES_AGGRESSIVE;
				CLANG_CXX_LANGUAGE_STANDARD = "gnu++17";
				CLANG_CXX_LIBRARY = "libc++";
				CLANG_ENABLE_MODULES = YES;
				CLANG_ENABLE_OBJC_ARC = YES;
				CLANG_ENABLE_OBJC_WEAK = YES;
				CLANG_WARN_BLOCK_CAPTURE_AUTORELEASING = YES;
				CLANG_WARN_BOOL_CONVERSION = YES;
				CLANG_WARN_COMMA = YES;
				CLANG_WARN_CONSTANT_CONVERSION = YES;
				CLANG_WARN_DEPRECATED_OBJC_IMPLEMENTATIONS = YES;
				CLANG_WARN_DIRECT_OBJC_ISA_USAGE = YES_ERROR;
				CLANG_WARN_DOCUMENTATION_COMMENTS = YES;
				CLANG_WARN_EMPTY_BODY = YES;
				CLANG_WARN_ENUM_CONVERSION = YES;
				CLANG_WARN_INFINITE_RECURSION = YES;
				CLANG_WARN_INT_CONVERSION = YES;
				CLANG_WARN_NON_LITERAL_NULL_CONVERSION = YES;
				CLANG_WARN_OBJC_IMPLICIT_RETAIN_SELF = YES;
				CLANG_WARN_OBJC_LITERAL_CONVERSION = YES;
				CLANG_WARN_OBJC_ROOT_CLASS = YES_ERROR;
				CLANG_WARN_QUOTED_INCLUDE_IN_FRAMEWORK_HEADER = YES;
				CLANG_WARN_RANGE_LOOP_ANALYSIS = YES;
				CLANG_WARN_STRICT_PROTOTYPES = YES;
				CLANG_WARN_SUSPICIOUS_MOVE = YES;
				CLANG_WARN_UNGUARDED_AVAILABILITY = YES_AGGRESSIVE;
				CLANG_WARN_UNREACHABLE_CODE = YES;
				CLANG_WARN__DUPLICATE_METHOD_MATCH = YES;
				COPY_PHASE_STRIP = NO;
				DEBUG_INFORMATION_FORMAT = "dwarf-with-dsym";
				ENABLE_NS_ASSERTIONS = NO;
				ENABLE_STRICT_OBJC_MSGSEND = YES;
				GCC_C_LANGUAGE_STANDARD = gnu11;
				GCC_NO_COMMON_BLOCKS = YES;
				GCC_WARN_64_TO_32_BIT_CONVERSION = YES;
				GCC_WARN_ABOUT_RETURN_TYPE = YES_ERROR;
				GCC_WARN_UNDECLARED_SELECTOR = YES;
				GCC_WARN_UNINITIALIZED_AUTOS = YES_AGGRESSIVE;
				GCC_WARN_UNUSED_FUNCTION = YES;
				GCC_WARN_UNUSED_VARIABLE = YES;
				IPHONEOS_DEPLOYMENT_TARGET = 15.2;
				MTL_ENABLE_DEBUG_INFO = NO;
				MTL_FAST_MATH = YES;
				SDKROOT = iphoneos;
				SWIFT_COMPILATION_MODE = wholemodule;
				SWIFT_OPTIMIZATION_LEVEL = "-O";
				VALIDATE_PRODUCT = YES;
			};
			name = "Release-qa";
		};
		37D5018527971A9B00576897 /* Release-qa */ = {
			isa = XCBuildConfiguration;
			buildSettings = {
				ASSETCATALOG_COMPILER_APPICON_NAME = "AppIcon-qa";
				ASSETCATALOG_COMPILER_GLOBAL_ACCENT_COLOR_NAME = AccentColor;
				BASE_URL = "https://idme-takehome.proxy.beeceptor.com/";
				CODE_SIGN_STYLE = Automatic;
				CURRENT_PROJECT_VERSION = 1;
				DEVELOPMENT_ASSET_PATHS = "\"idmeTHE/Preview Content\"";
				ENABLE_PREVIEWS = YES;
				GENERATE_INFOPLIST_FILE = YES;
				INFOPLIST_FILE = idmeTHE/Info.plist;
				INFOPLIST_KEY_UIApplicationSceneManifest_Generation = YES;
				INFOPLIST_KEY_UIApplicationSupportsIndirectInputEvents = YES;
				INFOPLIST_KEY_UISupportedInterfaceOrientations = UIInterfaceOrientationPortrait;
				INFOPLIST_KEY_UISupportedInterfaceOrientations_iPad = "UIInterfaceOrientationPortrait UIInterfaceOrientationPortraitUpsideDown UIInterfaceOrientationLandscapeLeft UIInterfaceOrientationLandscapeRight";
				INFOPLIST_KEY_UISupportedInterfaceOrientations_iPhone = "UIInterfaceOrientationPortrait UIInterfaceOrientationLandscapeLeft UIInterfaceOrientationLandscapeRight";
				LD_RUNPATH_SEARCH_PATHS = (
					"$(inherited)",
					"@executable_path/Frameworks",
				);
				MARKETING_VERSION = 1.0;
				PRODUCT_BUNDLE_IDENTIFIER = com.none.idmeTHE.qa;
				PRODUCT_NAME = "qa-$(TARGET_NAME)";
				SWIFT_EMIT_LOC_STRINGS = YES;
				SWIFT_VERSION = 5.0;
				TARGETED_DEVICE_FAMILY = 1;
			};
			name = "Release-qa";
		};
		37D5018627971A9B00576897 /* Release-qa */ = {
			isa = XCBuildConfiguration;
			buildSettings = {
				ALWAYS_EMBED_SWIFT_STANDARD_LIBRARIES = YES;
				BUNDLE_LOADER = "$(TEST_HOST)";
				CODE_SIGN_STYLE = Automatic;
				CURRENT_PROJECT_VERSION = 1;
				GENERATE_INFOPLIST_FILE = YES;
				IPHONEOS_DEPLOYMENT_TARGET = 15.2;
				MARKETING_VERSION = 1.0;
				PRODUCT_BUNDLE_IDENTIFIER = com.none.idmeTHETests;
				PRODUCT_NAME = "$(TARGET_NAME)";
				SWIFT_EMIT_LOC_STRINGS = NO;
				SWIFT_VERSION = 5.0;
				TARGETED_DEVICE_FAMILY = "1,2";
				TEST_HOST = "$(BUILT_PRODUCTS_DIR)/idmeTHE.app/idmeTHE";
			};
			name = "Release-qa";
		};
		37D5018727971A9B00576897 /* Release-qa */ = {
			isa = XCBuildConfiguration;
			buildSettings = {
				ALWAYS_EMBED_SWIFT_STANDARD_LIBRARIES = YES;
				CODE_SIGN_STYLE = Automatic;
				CURRENT_PROJECT_VERSION = 1;
				GENERATE_INFOPLIST_FILE = YES;
				MARKETING_VERSION = 1.0;
				PRODUCT_BUNDLE_IDENTIFIER = com.none.idmeTHEUITests;
				PRODUCT_NAME = "$(TARGET_NAME)";
				SWIFT_EMIT_LOC_STRINGS = NO;
				SWIFT_VERSION = 5.0;
				TARGETED_DEVICE_FAMILY = "1,2";
				TEST_TARGET_NAME = idmeTHE;
			};
			name = "Release-qa";
		};
/* End XCBuildConfiguration section */

/* Begin XCConfigurationList section */
		37D5014A2797182600576897 /* Build configuration list for PBXProject "idmeTHE" */ = {
			isa = XCConfigurationList;
			buildConfigurations = (
				37D501712797182A00576897 /* Debug */,
				37D5018027971A8B00576897 /* Debug-qa */,
				37D501722797182A00576897 /* Release */,
				37D5018427971A9B00576897 /* Release-qa */,
			);
			defaultConfigurationIsVisible = 0;
			defaultConfigurationName = Release;
		};
		37D501732797182A00576897 /* Build configuration list for PBXNativeTarget "idmeTHE" */ = {
			isa = XCConfigurationList;
			buildConfigurations = (
				37D501742797182A00576897 /* Debug */,
				37D5018127971A8B00576897 /* Debug-qa */,
				37D501752797182A00576897 /* Release */,
				37D5018527971A9B00576897 /* Release-qa */,
			);
			defaultConfigurationIsVisible = 0;
			defaultConfigurationName = Release;
		};
		37D501762797182A00576897 /* Build configuration list for PBXNativeTarget "idmeTHETests" */ = {
			isa = XCConfigurationList;
			buildConfigurations = (
				37D501772797182A00576897 /* Debug */,
				37D5018227971A8B00576897 /* Debug-qa */,
				37D501782797182A00576897 /* Release */,
				37D5018627971A9B00576897 /* Release-qa */,
			);
			defaultConfigurationIsVisible = 0;
			defaultConfigurationName = Release;
		};
		37D501792797182A00576897 /* Build configuration list for PBXNativeTarget "idmeTHEUITests" */ = {
			isa = XCConfigurationList;
			buildConfigurations = (
				37D5017A2797182A00576897 /* Debug */,
				37D5018327971A8B00576897 /* Debug-qa */,
				37D5017B2797182A00576897 /* Release */,
				37D5018727971A9B00576897 /* Release-qa */,
			);
			defaultConfigurationIsVisible = 0;
			defaultConfigurationName = Release;
		};
/* End XCConfigurationList section */
	};
	rootObject = 37D501472797182600576897 /* Project object */;
}
